
Microsoft Visual Studio Solution File, Format Version 12.00
# Visual Studio Version 17
VisualStudioVersion = 17.11.35303.130
MinimumVisualStudioVersion = 10.0.40219.1
Project("{FAE04EC0-301F-11D3-BF4B-00C04F79EFBC}") = "Airplane9", "Airplane9.csproj", "{AE44855A-9520-41EB-AAAC-D025B383FD95}"
EndProject
Global
	GlobalSection(SolutionConfigurationPlatforms) = preSolution
		Debug|Any CPU = Debug|Any CPU
		Release|Any CPU = Release|Any CPU
	EndGlobalSection
	GlobalSection(ProjectConfigurationPlatforms) = postSolution
		{AE44855A-9520-41EB-AAAC-D025B383FD95}.Debug|Any CPU.ActiveCfg = Debug|Any CPU
		{AE44855A-9520-41EB-AAAC-D025B383FD95}.Debug|Any CPU.Build.0 = Debug|Any CPU
		{AE44855A-9520-41EB-AAAC-D025B383FD95}.Release|Any CPU.ActiveCfg = Release|Any CPU
		{AE44855A-9520-41EB-AAAC-D025B383FD95}.Release|Any CPU.Build.0 = Release|Any CPU
	EndGlobalSection
	GlobalSection(SolutionProperties) = preSolution
		HideSolutionNode = FALSE
	EndGlobalSection
	GlobalSection(ExtensibilityGlobals) = postSolution
		SolutionGuid = {61994B85-702D-443A-8BCD-96909B8212BF}
	EndGlobalSection
EndGlobal
